
Microsoft Visual Studio Solution File, Format Version 12.00
# Visual Studio 15
VisualStudioVersion = 15.0.27428.2015
MinimumVisualStudioVersion = 10.0.40219.1
Project("{8BC9CEB8-8B4A-11D0-8D11-00A0C91BC942}") = "HashProgram", "HashProgram\HashProgram.vcxproj", "{48390B6A-D852-4B85-92F1-E0A5AAE22926}"
EndProject
Global
	GlobalSection(SolutionConfigurationPlatforms) = preSolution
		Debug|x64 = Debug|x64
		Debug|x86 = Debug|x86
		Release|x64 = Release|x64
		Release|x86 = Release|x86
	EndGlobalSection
	GlobalSection(ProjectConfigurationPlatforms) = postSolution
		{48390B6A-D852-4B85-92F1-E0A5AAE22926}.Debug|x64.ActiveCfg = Debug|x64
		{48390B6A-D852-4B85-92F1-E0A5AAE22926}.Debug|x64.Build.0 = Debug|x64
		{48390B6A-D852-4B85-92F1-E0A5AAE22926}.Debug|x86.ActiveCfg = Debug|Win32
		{48390B6A-D852-4B85-92F1-E0A5AAE22926}.Debug|x86.Build.0 = Debug|Win32
		{48390B6A-D852-4B85-92F1-E0A5AAE22926}.Release|x64.ActiveCfg = Release|x64
		{48390B6A-D852-4B85-92F1-E0A5AAE22926}.Release|x64.Build.0 = Release|x64
		{48390B6A-D852-4B85-92F1-E0A5AAE22926}.Release|x86.ActiveCfg = Release|Win32
		{48390B6A-D852-4B85-92F1-E0A5AAE22926}.Release|x86.Build.0 = Release|Win32
	EndGlobalSection
	GlobalSection(SolutionProperties) = preSolution
		HideSolutionNode = FALSE
	EndGlobalSection
	GlobalSection(ExtensibilityGlobals) = postSolution
		SolutionGuid = {4014A304-4251-47E9-923C-6C93E58EC6B9}
	EndGlobalSection
EndGlobal
